
Microsoft Visual Studio Solution File, Format Version 12.00
# Visual Studio Version 17
VisualStudioVersion = 17.2.32630.192
MinimumVisualStudioVersion = 10.0.40219.1
Project("{FAE04EC0-301F-11D3-BF4B-00C04F79EFBC}") = "AgileDevelopment", "AgileDevelopment\AgileDevelopment.csproj", "{D3FB9B58-59C7-4DE4-AA91-9110A4FEFF54}"
EndProject
Project("{FAE04EC0-301F-11D3-BF4B-00C04F79EFBC}") = "AgileDevelopment.Tests", "AgileDevelopment.Tests\AgileDevelopment.Tests.csproj", "{0FF6B877-D60B-4C5F-B340-F27545BCC565}"
EndProject
Project("{FAE04EC0-301F-11D3-BF4B-00C04F79EFBC}") = "AgileDevelopment.IntegrationTests", "AgileDevelopment.IntegrationTests\AgileDevelopment.IntegrationTests.csproj", "{957E2787-C6E6-4CAC-A87F-1F316BBA13D3}"
EndProject
Global
	GlobalSection(SolutionConfigurationPlatforms) = preSolution
		Debug|Any CPU = Debug|Any CPU
		Release|Any CPU = Release|Any CPU
	EndGlobalSection
	GlobalSection(ProjectConfigurationPlatforms) = postSolution
		{D3FB9B58-59C7-4DE4-AA91-9110A4FEFF54}.Debug|Any CPU.ActiveCfg = Debug|Any CPU
		{D3FB9B58-59C7-4DE4-AA91-9110A4FEFF54}.Debug|Any CPU.Build.0 = Debug|Any CPU
		{D3FB9B58-59C7-4DE4-AA91-9110A4FEFF54}.Release|Any CPU.ActiveCfg = Release|Any CPU
		{D3FB9B58-59C7-4DE4-AA91-9110A4FEFF54}.Release|Any CPU.Build.0 = Release|Any CPU
		{0FF6B877-D60B-4C5F-B340-F27545BCC565}.Debug|Any CPU.ActiveCfg = Debug|Any CPU
		{0FF6B877-D60B-4C5F-B340-F27545BCC565}.Debug|Any CPU.Build.0 = Debug|Any CPU
		{0FF6B877-D60B-4C5F-B340-F27545BCC565}.Release|Any CPU.ActiveCfg = Release|Any CPU
		{0FF6B877-D60B-4C5F-B340-F27545BCC565}.Release|Any CPU.Build.0 = Release|Any CPU
		{957E2787-C6E6-4CAC-A87F-1F316BBA13D3}.Debug|Any CPU.ActiveCfg = Debug|Any CPU
		{957E2787-C6E6-4CAC-A87F-1F316BBA13D3}.Debug|Any CPU.Build.0 = Debug|Any CPU
		{957E2787-C6E6-4CAC-A87F-1F316BBA13D3}.Release|Any CPU.ActiveCfg = Release|Any CPU
		{957E2787-C6E6-4CAC-A87F-1F316BBA13D3}.Release|Any CPU.Build.0 = Release|Any CPU
	EndGlobalSection
	GlobalSection(SolutionProperties) = preSolution
		HideSolutionNode = FALSE
	EndGlobalSection
	GlobalSection(ExtensibilityGlobals) = postSolution
		SolutionGuid = {238435C3-C94E-4FFE-801E-AC2E6A317C78}
	EndGlobalSection
EndGlobal
